{
    "_meta": {
        "hash": {
            "sha256": "0a29ed0ebba167d22f173df39396c1490115a57848a3e3d722de900dc81ecf34"
        },
        "pipfile-spec": 6,
        "requires": {
            "python_version": "3"
        },
        "sources": [
            {
                "name": "pypi",
                "url": "https://pypi.org/simple",
                "verify_ssl": true
            }
        ]
    },
    "default": {
        "greenlet": {
            "hashes": [
                "sha256:02b0a8682aecd4d3c6c18edf52bc8e51eacdd75c8eac52a790a210b06aa295fd",
                "sha256:18cb1b7337bca281915b3c5d5ae19f4e76d35e1df80f4ad3c1a7be91fadf1082",
                "sha256:1a9172f5bf6bd88e6ba5a84e0a68afeac9dc7b6b412b245dd64f52d83c81e55b",
                "sha256:1e692b2dae4cc7077cbb11b47d258533b48c8fde69a33d0d8a82e2fe8d8531d5",
                "sha256:1ebd458fa8285960f382841da585e02201b53a5ec2bac6b156fc623b5ce4499f",
                "sha256:1fb39a11ee2e4d94be9a76671482be9398560955c9e568550de0224e41104727",
                "sha256:20154044d9085151bc309e7689d6f7ba10027f8f5a8c0676ad398b951913d89e",
                "sha256:2eaf067fc6d886931c7962e8c6bede15d2f01965560f3359b27c80bde2d151f2",
                "sha256:34308836d8370bddadb41f5a7ce96879b72e2fdfb4e87729330c6ab52376409f",
                "sha256:394ead29063ee3515b4e775216cb756b2e3b4a7e55ae8fd884f17fa579e6b327",
                "sha256:3ceec72030dae6ac0c8ed7591b96b70410a8be370b6a477b1dbc072856ad02bd",
                "sha256:4375a58e49522698d3e70cc0b801c19433021b5c37686f7ce9c65b0d5c8677d2",
                "sha256:43e99d1749147ac21dde49b99c9abffcbc1e2d55c67501465ef0930d6e78e070",
                "sha256:442b6057453c8cb29b4fb36a2ac689382fc71112273726e2423f7f17dc73bf99",
                "sha256:45abe8eb6339518180d5a7fa47fa01945414d7cca5ecb745346fc6a87d2750be",
                "sha256:4c956a19350e2c37f2c48b336a3afb4bff120b36076d9d7fb68cb44e05d95b79",
                "sha256:508c7f01f1791fbc8e011bd508f6794cb95397fdb198a46cb6635eb5b78d85a7",
                "sha256:527fec58dc9f90efd594b9b700662ed3fb2493c2122067ac9c740d98080a620e",
                "sha256:59b3e2c40f6706b05a9cd299c836c6aa2378cabe25d021acd80f13abf81181cf",
                "sha256:5d0e35379f93a6d0222de929a25ab47b5eb35b5ef4721c2b9cbcc4036129ff1f",
                "sha256:63d10328839d1973e5ba35e98cccbca71b232b14051fd957b6f8b6e8e80d0506",
                "sha256:64970c33a50551c7c50491671265d8954046cb6e8e2999aacdd60e439b70418a",
                "sha256:6c6f8ba97d17a1e7d664151284cb3315fc5f8353e75221ed4324f84eb162b395",
                "sha256:8b466dff7a4ffda6ca975979bab80bdadde979e29fc947ac3be4451428d8b0e4",
                "sha256:8c1fdd7d1b309ff0da81d60a9688a8bd044ac4e18b250320a96fc68d31c209ca",
                "sha256:8c4dd0f3997cf2512f7601563cc90dfb8957c0cff1e3a1b23991d4ea1776c492",
                "sha256:8d1658d7291f9859beed69a776c10822a0a799bc4bfe1bd4272bb60e62507dab",
                "sha256:8e2cd90d413acbf5e77ae41e5d3c9b3ac1d011a756d7284d7f3f2b806bbd6358",
                "sha256:8e4ab3cfb02993c8cc248ea73d7dae6cec0253e9afa311c9b37e603ca9fad2ce",
                "sha256:94ad81f0fd3c0c0681a018a976e5c2bd2ca2d9d94895f23e7bb1af4e8af4e2d5",
                "sha256:97245cc10e5515dbc8c3104b2928f7f02b6813002770cfaffaf9a6e0fc2b94ef",
                "sha256:9bc885b89709d901859cf95179ec9f6bb67a3d2bb1f0e88456461bd4b7f8fd0d",
                "sha256:a2a5be83a45ce6188c045bcc44b0ee037d6a518978de9a5d97438548b953a1ac",
                "sha256:a443358b33c4ec7b05b79a7c8b466f5d275025e750298be7340f8fc63dff2a55",
                "sha256:a7945dd0eab63ded0a48e4dcade82939783c172290a7903ebde9e184333ca124",
                "sha256:aa6ac98bdfd716a749b84d4034486863fd81c3abde9aa3cf8eff9127981a4ae4",
                "sha256:ab0c7e7901a00bc0a7284907273dc165b32e0d109a6713babd04471327ff7986",
                "sha256:ac8d61d4343b799d1e526db579833d72f23759c71e07181c2d2944e429eb09cd",
                "sha256:ad0c8917dd42a819fe77e6bdfcb84e3379c0de956469301d9fd36427a1ca501f",
                "sha256:ae9e21c84035c490506c17002f5c8ab25f980205c3e61ddb3a2a2a2e6c411fcb",
                "sha256:b26b0f4428b871a751968285a1ac9648944cea09807177ac639b030bddebcea4",
                "sha256:b568183cf65b94919be4438dc28416b234b678c608cafac8874dfeeb2a9bbe13",
                "sha256:b6997d360a4e6a4e936c0f9625b1c20416b8a0ea18a8e19cabbefc712e7397ab",
                "sha256:b8bddc5b73c9720bea487b3bffdb1840fe4e3656fba3bd40aa1489e9f37877ff",
                "sha256:c04c5e06ec3e022cbfe2cd4a846e1d4e50087444f875ff6d2c2ad8445495cf1a",
                "sha256:c2e47408e8ce1c6f1ceea0dffcdf6ebb85cc09e55c7af407c99f1112016e45e9",
                "sha256:c56692189a7d1c7606cb794be0a8381470d95c57ce5be03fb3d0ef57c7853b86",
                "sha256:ccd21bb86944ca9be6d967cf7691e658e43417782bce90b5d2faeda0ff78a7dd",
                "sha256:cd6f9e2bbd46321ba3bbb4c8a15794d32960e3b0ae2cc4d49a1a53d314805d71",
                "sha256:d248d8c23c67d2291ffd47af766e2a3aa9fa1c6703155c099feb11f526c63a92",
                "sha256:d3a62fa76a32b462a97198e4c9e99afb9ab375115e74e9a83ce180e7a496f643",
                "sha256:e26e72bec7ab387ac80caa7496e0f908ff954f31065b0ffc1f8ecb1338b11b54",
                "sha256:e3cb43ce200f59483eb82949bf1835a99cf43d7571e900d7c8d5c62cdf25d2f9"
            ],
            "markers": "python_version >= '3.10'",
            "version": "==3.3.2"
        },
        "mysql-connector-python": {
            "hashes": [
                "sha256:079ce68d617250ef5cefffd5243056dc9f87c6034c804235fd6f45a0daf5a6ae",
                "sha256:15106ed73d74487f86de6b1859ff7f362efca7c7f9c494497ccb7439d3139fe6",
                "sha256:229ffce2333b88b59f8f034881e12dc85b309615338be9f843ed63923db99d52",
                "sha256:236a4b8abfac8217517ce9e9edc735decf55282ada3890b3cd33770009f33d68",
                "sha256:272c4e8263f6a514e4ae65e9553ed214fc9d4cf1f0f6bedca30def20c2ae1d52",
                "sha256:2eae45230b5cbd783d68bdfe8b05ad9b4ebd06799f8d302a6169d7f025572baf",
                "sha256:39bf31cdbe920eae08801eb829584dc27f70dadbdb3a5c3b78402f54cea87ab0",
                "sha256:45491d4ce56722cb335e6d0bde2d4f4a98b7073421bd02a04ad5e6220d69e499",
                "sha256:5492d57a6a0e5127a928290737fbb91b66b46d31dac8de3e7604e550bf3b3a6e",
                "sha256:5a5abbc152bc28cb2e64a04605ecd9941eff6b0dc5f9528cb84adb873e9a1e49",
                "sha256:6546e0b60c275409a5add9e3308c3897fcf478d1338cd845b1664c1a8946f72f",
                "sha256:933887e71c871b6e9d8908459fe8303ebcf8feb5cc1e1c49caa6490e525cf78e",
                "sha256:9549a2974353407427b574f005c92f03972e303182b4c3b4a272bf4ca10855ed",
                "sha256:9bdfc2d4c4444cd1cc79cc6487c047b28fe2b26d0327b27eb9f5737bb553cb5c",
                "sha256:9da73e212bb08e4df286506ffbda943063bbce448375a7db29748bb367f4e0af",
                "sha256:9e17ceb79c1c4c137a5994f8ca8c6a1ce8ebf83eda3ccc21dd67f2c1398680f0",
                "sha256:a2f371ab69d65c61136c51ad7026017400166cef3c959cab7a9fb668c7acbfba",
                "sha256:af80b1e7179d5c2d983cf62470ad9b134a7e9ef05cf31108ae587f15873530cc",
                "sha256:b5cb8a3ba42b539f79cd13e4c8376d28506f3180f7079c9b04ea7bfd0424fb03",
                "sha256:b8d3d6f32b95ae1d0a2f29d1a2b4e628849bcf7e84a70dc56c85b4929361d86b",
                "sha256:c51be697bfdfdf63bb71c5ecc51f7c6faf4aaa3d14a0136fa16e97cc37df1185",
                "sha256:d5924a76b530159c02f2fe8da4d3c6377ce1f5e195827e8ecbd36124673651d3",
                "sha256:daf70f7da64a2e7c17e6dfd1fc98d2deb653fd955d0bd0b1fef246356e682b0f",
                "sha256:e3842ecd62391a28c1dda5eb817f40418715e68482a8c146b3c478ac8bb7a23f",
                "sha256:ea4e05ab864ab8b0b5066d885d89ca51e5ba1320dba520c20a6f9388a8eca022",
                "sha256:ee90c5f44f706f012be17f03f6ad158ff96e7f2dcc077896fe4537d3d28b3cf4"
            ],
            "index": "pypi",
            "markers": "python_version >= '3.10'",
            "version": "==9.7.0"
        },
        "sqlalchemy": {
            "hashes": [
                "sha256:01f6bbd4308b23240cf7d3ef117557c8fd097ec9549d5d8a52977544e35b40ad",
                "sha256:07edba08061bc277bfdc772dd2a1a43978f5a45994dd3ede26391b405c15221e",
                "sha256:10853a53a4a00417a00913d270dddda75815fcb80675874285f41051c094d7dd",
                "sha256:1182437cb2d97988cfea04cf6cdc0b0bb9c74f4d56ec3d08b81e23d621a28cc6",
                "sha256:144921da96c08feb9e2b052c5c5c1d0d151a292c6135623c6b2c041f2a45f9e0",
                "sha256:1a89ce07ad2d4b8cfc30bd5889ec40613e028ed80ef47da7d9dd2ce969ad30e0",
                "sha256:1b4c575df7368b3b13e0cebf01d4679f9a28ed2ae6c1cd0b1d5beffb6b2007dc",
                "sha256:1ccd42229aaac2df431562117ac7e667d702e8e44afdb6cf0e50fa3f18160f0b",
                "sha256:2645b7d8a738763b664a12a1542c89c940daa55196e8d73e55b169cc5c99f65f",
                "sha256:288937433bd44e3990e7da2402fabc44a3c6c25d3704da066b85b89a85474ae0",
                "sha256:34634e196f620c7a61d18d5cf7dc841ca6daa7961aed75d532b7e58b309ac894",
                "sha256:348174f228b99f33ca1f773e85510e08927620caa59ffe7803b37170df30332b",
                "sha256:36ac4ddc3d33e852da9cb00ffb08cea62ca05c39711dc67062ca2bb1fae35fd8",
                "sha256:3713e21ea67bca727eecd4a24bf68bcd414c403faae4989442be60994301ded0",
                "sha256:389b984139278f97757ea9b08993e7b9d1142912e046ab7d82b3fbaeb0209131",
                "sha256:426c5ca86415d9b8945c7073597e10de9644802e2ff502b8e1f11a7a2642856b",
                "sha256:4599a95f9430ae0de82b52ff0d27304fe898c17cb5f4099f7438a51b9998ac77",
                "sha256:49b7bddc1eebf011ea5ab722fdbe67a401caa34a350d278cc7733c0e88fecb1f",
                "sha256:53667b5f668991e279d21f94ccfa6e45b4e3f4500e7591ae59a8012d0f010dcb",
                "sha256:546572a1793cc35857a2ffa1fe0e58571af1779bcc1ffa7c9fb0839885ed69a9",
                "sha256:583849c743e0e3c9bb7446f5b5addeacedc168d657a69b418063dfdb2d90081c",
                "sha256:5aee45fd2c6c0f2b9cdddf48c48535e7471e42d6fb81adfde801da0bd5b93241",
                "sha256:5b193a7e29fd9fa56e502920dca47dffe60f97c863494946bd698c6058a55658",
                "sha256:5ca74f37f3369b45e1f6b7b06afb182af1fd5dde009e4ffd831830d98cbe5fe7",
                "sha256:68549c403f79a8e25984376480959975212a670405e3913830614432b5daa07a",
                "sha256:69f5bc24904d3bc3640961cddd2523e361257ef68585d6e364166dfbe8c78fae",
                "sha256:6bb85c546591569558571aa1b06aba711b26ae62f111e15e56136d69920e1616",
                "sha256:6f7b7243850edd0b8b97043f04748f31de50cf426e939def5c16bedb540698f7",
                "sha256:7001dc9d5f6bb4deb756d5928eaefe1930f6f4179da3924cbd95ee0e9f4dce89",
                "sha256:7a936f1bb23d370b7c8cc079d5fce4c7d18da87a33c6744e51a93b0f9e97e9b3",
                "sha256:7c998f2ace8bf76b453b75dbcca500d4f4b9dd3908c13e89b86289b37784848b",
                "sha256:7cddca31edf8b0653090cbb54562ca027c421c58ddde2c0685f49ff56a1690e0",
                "sha256:8183dc57ae7d9edc1346e007e840a9f3d6aa7b7f165203a99e16f447150140d2",
                "sha256:82745b03b4043e04600a6b665cb98697c4339b24e34d74b0a2ac0a2488b6f94d",
                "sha256:841a94c66577661c1f088ac958cd767d7c9bf507698f45afffe7a4017049de76",
                "sha256:858e433f12b0e5b3ed2f8da917433b634f4937d0e8793e5cb33c54a1a01df565",
                "sha256:908a3fa6908716f803b86896a09a2c4dde5f5ce2bb07aacc71ffebb57986ce99",
                "sha256:9764014ef5e58aab76220c5664abb5d47d5bc858d9debf821e55cfdd0f128485",
                "sha256:9c7d0a77e36b5f4b01ca398482230ab792061d243d715299b44a0b55c89fe617",
                "sha256:a5b429eb84339f9f05e06083f119ad814e6d85e27ecbdf9c551dfdbb128eaf8a",
                "sha256:a66fe406437dd65cacd96a72689a3aaaecaebbcd62d81c5ac1c0fdbeac835096",
                "sha256:a6b764fb312bd35e47797ad2e63f0d323792837a6ac785a4ca967019357d2bc7",
                "sha256:b19151e76620a412c2ac1c6f977ab1b9fa7ad43140178345136456d5265b32ed",
                "sha256:b8438ec5594980d405251451c5b7ea9aa58dda38eb7ac35fb7e4c696712ee24f",
                "sha256:b8fc3454b4f3bd0a368001d0e968852dad45a873f8b4babd41bc302ec851a099",
                "sha256:bcb8ebbf2e2c36cfe01a94f2438012c6a9d494cf80f129d9753bcdf33bfc35a6",
                "sha256:d404dc897ce10e565d647795861762aa2d06ca3f4a728c5e9a835096c7059018",
                "sha256:d612c976cbc2d17edfcc4c006874b764e85e990c29ce9bd411f926bbfb02b9a2",
                "sha256:d64177f443594c8697369c10e4bbcac70ef558e0f7921a1de7e4a3d1734bcf67",
                "sha256:d854b3970067297f3a7fbd7a4683587134aa9b3877ee15aa29eea478dc68f933",
                "sha256:d8fcccbbc0c13c13702c471da398b8cd72ba740dca5859f148ae8e0e8e0d3e7e",
                "sha256:e004aa9248e8cb0a5f9b96d003ca7c1c0a5da8decd1066e7b53f59eb8ce7c62b",
                "sha256:e214d546c8ecb5fc22d6e6011746082abf13a9cf46eefb45769c7b31407c97b5",
                "sha256:e2d0d88686e3d35a76f3e15a34e8c12d73fc94c1dea1cd55782e695cc14086dd",
                "sha256:e2f35b4cccd9ed286ad62e0a3c3ac21e06c02abc60e20aa51a3e305a30f5fa79",
                "sha256:e3070c03701037aa418b55d36532ecb8f8446ed0135acb71c678dbdf12f5b6e4",
                "sha256:e5e088bf43f6ee6fec7dbf1ef7ff7774a616c236b5c0cb3e00662dd71a56b571",
                "sha256:e83e3f959aaa1c9df95c22c528096d94848a1bc819f5d0ebf7ee3df0ca63db6c",
                "sha256:f0dcbc588cd5b725162c076eb9119342f6579c7f7f55057bb7e3c6ff27e13121",
                "sha256:f27f9da0a7d22b9f981108fd4b62f8b5743423388915a563e651c20d06c1f457",
                "sha256:f8649a14caa5f8a243628b1d61cf530ad9ae4578814ba726816adb1121fc493e",
                "sha256:fac0fa4e4f55f118fd87177dacb1c6522fe39c28d498d259014020fec9164c29",
                "sha256:fd08b90d211c086181caed76931ecfa2bdfc83eea3cfccdb0f82abc6c4b876cb"
            ],
            "index": "pypi",
            "markers": "python_version >= '3.7'",
            "version": "==2.0.48"
        },
        "typing-extensions": {
            "hashes": [
                "sha256:0cea48d173cc12fa28ecabc3b837ea3cf6f38c6d1136f85cbaaf598984861466",
                "sha256:f0fa19c6845758ab08074a0cfa8b7aecb71c999ca73d62883bc25cc018c4e548"
            ],
            "markers": "python_version >= '3.9'",
            "version": "==4.15.0"
        }
    },
    "develop": {
        "attrs": {
            "hashes": [
                "sha256:16d5969b87f0859ef33a48b35d55ac1be6e42ae49d5e853b597db70c35c57e11",
                "sha256:adcf7e2a1fb3b36ac48d97835bb6d8ade15b8dcce26aba8bf1d14847b57a3373"
            ],
            "markers": "python_version >= '3.9'",
            "version": "==25.4.0"
        },
        "certifi": {
            "hashes": [
                "sha256:9943707519e4add1115f44c2bc244f782c0249876bf51b6599fee1ffbedd685c",
                "sha256:ac726dd470482006e014ad384921ed6438c457018f4b3d204aea4281258b2120"
            ],
            "markers": "python_version >= '3.7'",
            "version": "==2026.1.4"
        },
        "h11": {
            "hashes": [
                "sha256:4e35b956cf45792e4caa5885e69fba00bdbc6ffafbfa020300e549b208ee5ff1",
                "sha256:63cf8bbe7522de3bf65932fda1d9c2772064ffb3dae62d55932da54b31cb6c86"
            ],
            "markers": "python_version >= '3.8'",
            "version": "==0.16.0"
        },
        "idna": {
            "hashes": [
                "sha256:771a87f49d9defaf64091e6e6fe9c18d4833f140bd19464795bc32d966ca37ea",
                "sha256:795dafcc9c04ed0c1fb032c2aa73654d8e8c5023a7df64a53f39190ada629902"
            ],
            "markers": "python_version >= '3.8'",
            "version": "==3.11"
        },
        "outcome": {
            "hashes": [
                "sha256:9dcf02e65f2971b80047b377468e72a268e15c0af3cf1238e6ff14f7f91143b8",
                "sha256:e771c5ce06d1415e356078d3bdd68523f284b4ce5419828922b6871e65eda82b"
            ],
            "markers": "python_version >= '3.7'",
            "version": "==1.3.0.post0"
        },
        "pysocks": {
            "hashes": [
                "sha256:08e69f092cc6dbe92a0fdd16eeb9b9ffbc13cadfe5ca4c7bd92ffb078b293299",
                "sha256:2725bd0a9925919b9b51739eea5f9e2bae91e83288108a9ad338b2e3a4435ee5",
                "sha256:3f8804571ebe159c380ac6de37643bb4685970655d3bba243530d6558b799aa0"
            ],
            "markers": "python_version >= '2.7' and python_version not in '3.0, 3.1, 3.2, 3.3'",
            "version": "==1.7.1"
        },
        "selenium": {
            "hashes": [
                "sha256:003e971f805231ad63e671783a2b91a299355d10cefb9de964c36ff3819115aa",
                "sha256:b8ccde8d2e7642221ca64af184a92c19eee6accf2e27f20f30472f5efae18eb1"
            ],
            "index": "pypi",
            "markers": "python_version >= '3.10'",
            "version": "==4.41.0"
        },
        "sniffio": {
            "hashes": [
                "sha256:2f6da418d1f1e0fddd844478f41680e794e6051915791a034ff65e5f100525a2",
                "sha256:f4324edc670a0f49750a81b895f35c3adb843cca46f0530f79fc1babb23789dc"
            ],
            "markers": "python_version >= '3.7'",
            "version": "==1.3.1"
        },
        "sortedcontainers": {
            "hashes": [
                "sha256:25caa5a06cc30b6b83d11423433f65d1f9d76c4c6a0c90e3379eaa43b9bfdb88",
                "sha256:a163dcaede0f1c021485e957a39245190e74249897e2ae4b2aa38595db237ee0"
            ],
            "version": "==2.4.0"
        },
        "trio": {
            "hashes": [
                "sha256:3bd5d87f781d9b0192d592aef28691f8951d6c2e41b7e1da4c25cde6c180ae9b",
                "sha256:a29b92b73f09d4b48ed249acd91073281a7f1063f09caba5dc70465b5c7aa970"
            ],
            "markers": "python_version >= '3.10'",
            "version": "==0.33.0"
        },
        "trio-websocket": {
            "hashes": [
                "sha256:22c72c436f3d1e264d0910a3951934798dcc5b00ae56fc4ee079d46c7cf20fae",
                "sha256:df605665f1db533f4a386c94525870851096a223adcb97f72a07e8b4beba45b6"
            ],
            "markers": "python_version >= '3.8'",
            "version": "==0.12.2"
        },
        "typing-extensions": {
            "hashes": [
                "sha256:0cea48d173cc12fa28ecabc3b837ea3cf6f38c6d1136f85cbaaf598984861466",
                "sha256:f0fa19c6845758ab08074a0cfa8b7aecb71c999ca73d62883bc25cc018c4e548"
            ],
            "markers": "python_version >= '3.9'",
            "version": "==4.15.0"
        },
        "urllib3": {
            "extras": [
                "socks"
            ],
            "hashes": [
                "sha256:1b62b6884944a57dbe321509ab94fd4d3b307075e0c2eae991ac71ee15ad38ed",
                "sha256:bf272323e553dfb2e87d9bfd225ca7b0f467b919d7bbd355436d3fd37cb0acd4"
            ],
            "markers": "python_version >= '3.9'",
            "version": "==2.6.3"
        },
        "websocket-client": {
            "hashes": [
                "sha256:9e813624b6eb619999a97dc7958469217c3176312b3a16a4bd1bc7e08a46ec98",
                "sha256:af248a825037ef591efbf6ed20cc5faa03d3b47b9e5a2230a529eeee1c1fc3ef"
            ],
            "markers": "python_version >= '3.9'",
            "version": "==1.9.0"
        },
        "wsproto": {
            "hashes": [
                "sha256:61eea322cdf56e8cc904bd3ad7573359a242ba65688716b0710a5eb12beab584",
                "sha256:b86885dcf294e15204919950f666e06ffc6c7c114ca900b060d6e16293528294"
            ],
            "markers": "python_version >= '3.10'",
            "version": "==1.3.2"
        }
    }
}
